
Microsoft Visual Studio Solution File, Format Version 12.00
# Visual Studio Version 16
VisualStudioVersion = 16.0.29920.165
MinimumVisualStudioVersion = 10.0.40219.1
Project("{9A19103F-16F7-4668-BE54-9A1E7A4F7556}") = "Edura.WebUI", "Edura.WebUI\Edura.WebUI.csproj", "{BDD358EB-B56A-4F18-8121-8AA0C2D3F1D5}"
EndProject
Project("{9A19103F-16F7-4668-BE54-9A1E7A4F7556}") = "Edura.Repository", "Edura.Repository\Edura.Repository.csproj", "{3F2C5ABD-03D3-43D9-A3DF-A3F66EEAD61C}"
EndProject
Project("{9A19103F-16F7-4668-BE54-9A1E7A4F7556}") = "Edura.Entity", "Edura.Entity\Edura.Entity.csproj", "{66CBFA35-B185-44FE-8500-66D7EFF9076E}"
EndProject
Global
	GlobalSection(SolutionConfigurationPlatforms) = preSolution
		Debug|Any CPU = Debug|Any CPU
		Release|Any CPU = Release|Any CPU
	EndGlobalSection
	GlobalSection(ProjectConfigurationPlatforms) = postSolution
		{BDD358EB-B56A-4F18-8121-8AA0C2D3F1D5}.Debug|Any CPU.ActiveCfg = Debug|Any CPU
		{BDD358EB-B56A-4F18-8121-8AA0C2D3F1D5}.Debug|Any CPU.Build.0 = Debug|Any CPU
		{BDD358EB-B56A-4F18-8121-8AA0C2D3F1D5}.Release|Any CPU.ActiveCfg = Release|Any CPU
		{BDD358EB-B56A-4F18-8121-8AA0C2D3F1D5}.Release|Any CPU.Build.0 = Release|Any CPU
		{3F2C5ABD-03D3-43D9-A3DF-A3F66EEAD61C}.Debug|Any CPU.ActiveCfg = Debug|Any CPU
		{3F2C5ABD-03D3-43D9-A3DF-A3F66EEAD61C}.Debug|Any CPU.Build.0 = Debug|Any CPU
		{3F2C5ABD-03D3-43D9-A3DF-A3F66EEAD61C}.Release|Any CPU.ActiveCfg = Release|Any CPU
		{3F2C5ABD-03D3-43D9-A3DF-A3F66EEAD61C}.Release|Any CPU.Build.0 = Release|Any CPU
		{66CBFA35-B185-44FE-8500-66D7EFF9076E}.Debug|Any CPU.ActiveCfg = Debug|Any CPU
		{66CBFA35-B185-44FE-8500-66D7EFF9076E}.Debug|Any CPU.Build.0 = Debug|Any CPU
		{66CBFA35-B185-44FE-8500-66D7EFF9076E}.Release|Any CPU.ActiveCfg = Release|Any CPU
		{66CBFA35-B185-44FE-8500-66D7EFF9076E}.Release|Any CPU.Build.0 = Release|Any CPU
	EndGlobalSection
	GlobalSection(SolutionProperties) = preSolution
		HideSolutionNode = FALSE
	EndGlobalSection
	GlobalSection(ExtensibilityGlobals) = postSolution
		SolutionGuid = {E70F29EC-6D93-4C28-A333-BEC7E54E97FE}
	EndGlobalSection
EndGlobal
